
Microsoft Visual Studio Solution File, Format Version 12.00
# Visual Studio Version 16
VisualStudioVersion = 16.0.30611.23
MinimumVisualStudioVersion = 10.0.40219.1
Project("{FAE04EC0-301F-11D3-BF4B-00C04F79EFBC}") = "IGMB_103dap", "IGMB_103dap\IGMB_103dap.csproj", "{1D10B1BB-A71F-445F-B3C3-89D0A40EC1BA}"
EndProject
Project("{FAE04EC0-301F-11D3-BF4B-00C04F79EFBC}") = "XUnitTestProject1", "XUnitTestProject1\XUnitTestProject1.csproj", "{D11CA864-DBA8-4250-8301-46E4B8F7D468}"
EndProject
Global
	GlobalSection(SolutionConfigurationPlatforms) = preSolution
		Debug|Any CPU = Debug|Any CPU
		Release|Any CPU = Release|Any CPU
	EndGlobalSection
	GlobalSection(ProjectConfigurationPlatforms) = postSolution
		{1D10B1BB-A71F-445F-B3C3-89D0A40EC1BA}.Debug|Any CPU.ActiveCfg = Debug|Any CPU
		{1D10B1BB-A71F-445F-B3C3-89D0A40EC1BA}.Debug|Any CPU.Build.0 = Debug|Any CPU
		{1D10B1BB-A71F-445F-B3C3-89D0A40EC1BA}.Release|Any CPU.ActiveCfg = Release|Any CPU
		{1D10B1BB-A71F-445F-B3C3-89D0A40EC1BA}.Release|Any CPU.Build.0 = Release|Any CPU
		{D11CA864-DBA8-4250-8301-46E4B8F7D468}.Debug|Any CPU.ActiveCfg = Debug|Any CPU
		{D11CA864-DBA8-4250-8301-46E4B8F7D468}.Debug|Any CPU.Build.0 = Debug|Any CPU
		{D11CA864-DBA8-4250-8301-46E4B8F7D468}.Release|Any CPU.ActiveCfg = Release|Any CPU
		{D11CA864-DBA8-4250-8301-46E4B8F7D468}.Release|Any CPU.Build.0 = Release|Any CPU
	EndGlobalSection
	GlobalSection(SolutionProperties) = preSolution
		HideSolutionNode = FALSE
	EndGlobalSection
	GlobalSection(ExtensibilityGlobals) = postSolution
		SolutionGuid = {2958B218-6A5A-41A5-B4BC-1C5725216901}
	EndGlobalSection
EndGlobal
